
Microsoft Visual Studio Solution File, Format Version 12.00
# Visual Studio Version 16
VisualStudioVersion = 16.0.31605.320
MinimumVisualStudioVersion = 10.0.40219.1
Project("{8BC9CEB8-8B4A-11D0-8D11-00A0C91BC942}") = "SalientKit", "Salient\Salient.vcxproj", "{C8C528FD-A259-4480-870E-2B6A95C2E21F}"
EndProject
Project("{8BC9CEB8-8B4A-11D0-8D11-00A0C91BC942}") = "SalientDropper", "SalientDropper\SalientDropper.vcxproj", "{3DB02592-B1CE-4F57-A823-EF613E6FCC71}"
EndProject
Global
	GlobalSection(SolutionConfigurationPlatforms) = preSolution
		Debug|ARM = Debug|ARM
		Debug|ARM64 = Debug|ARM64
		Debug|x64 = Debug|x64
		Debug|x86 = Debug|x86
		Release|ARM = Release|ARM
		Release|ARM64 = Release|ARM64
		Release|x64 = Release|x64
		Release|x86 = Release|x86
	EndGlobalSection
	GlobalSection(ProjectConfigurationPlatforms) = postSolution
		{C8C528FD-A259-4480-870E-2B6A95C2E21F}.Debug|ARM.ActiveCfg = Debug|ARM
		{C8C528FD-A259-4480-870E-2B6A95C2E21F}.Debug|ARM.Build.0 = Debug|ARM
		{C8C528FD-A259-4480-870E-2B6A95C2E21F}.Debug|ARM.Deploy.0 = Debug|ARM
		{C8C528FD-A259-4480-870E-2B6A95C2E21F}.Debug|ARM64.ActiveCfg = Debug|ARM64
		{C8C528FD-A259-4480-870E-2B6A95C2E21F}.Debug|ARM64.Build.0 = Debug|ARM64
		{C8C528FD-A259-4480-870E-2B6A95C2E21F}.Debug|ARM64.Deploy.0 = Debug|ARM64
		{C8C528FD-A259-4480-870E-2B6A95C2E21F}.Debug|x64.ActiveCfg = Debug|x64
		{C8C528FD-A259-4480-870E-2B6A95C2E21F}.Debug|x64.Build.0 = Debug|x64
		{C8C528FD-A259-4480-870E-2B6A95C2E21F}.Debug|x86.ActiveCfg = Debug|Win32
		{C8C528FD-A259-4480-870E-2B6A95C2E21F}.Debug|x86.Build.0 = Debug|Win32
		{C8C528FD-A259-4480-870E-2B6A95C2E21F}.Debug|x86.Deploy.0 = Debug|Win32
		{C8C528FD-A259-4480-870E-2B6A95C2E21F}.Release|ARM.ActiveCfg = Release|ARM
		{C8C528FD-A259-4480-870E-2B6A95C2E21F}.Release|ARM.Build.0 = Release|ARM
		{C8C528FD-A259-4480-870E-2B6A95C2E21F}.Release|ARM.Deploy.0 = Release|ARM
		{C8C528FD-A259-4480-870E-2B6A95C2E21F}.Release|ARM64.ActiveCfg = Release|ARM64
		{C8C528FD-A259-4480-870E-2B6A95C2E21F}.Release|ARM64.Build.0 = Release|ARM64
		{C8C528FD-A259-4480-870E-2B6A95C2E21F}.Release|ARM64.Deploy.0 = Release|ARM64
		{C8C528FD-A259-4480-870E-2B6A95C2E21F}.Release|x64.ActiveCfg = Release|x64
		{C8C528FD-A259-4480-870E-2B6A95C2E21F}.Release|x64.Build.0 = Release|x64
		{C8C528FD-A259-4480-870E-2B6A95C2E21F}.Release|x64.Deploy.0 = Release|x64
		{C8C528FD-A259-4480-870E-2B6A95C2E21F}.Release|x86.ActiveCfg = Release|Win32
		{C8C528FD-A259-4480-870E-2B6A95C2E21F}.Release|x86.Build.0 = Release|Win32
		{C8C528FD-A259-4480-870E-2B6A95C2E21F}.Release|x86.Deploy.0 = Release|Win32
		{3DB02592-B1CE-4F57-A823-EF613E6FCC71}.Debug|ARM.ActiveCfg = Debug|Win32
		{3DB02592-B1CE-4F57-A823-EF613E6FCC71}.Debug|ARM64.ActiveCfg = Debug|Win32
		{3DB02592-B1CE-4F57-A823-EF613E6FCC71}.Debug|x64.ActiveCfg = Debug|x64
		{3DB02592-B1CE-4F57-A823-EF613E6FCC71}.Debug|x64.Build.0 = Debug|x64
		{3DB02592-B1CE-4F57-A823-EF613E6FCC71}.Debug|x86.ActiveCfg = Debug|Win32
		{3DB02592-B1CE-4F57-A823-EF613E6FCC71}.Debug|x86.Build.0 = Debug|Win32
		{3DB02592-B1CE-4F57-A823-EF613E6FCC71}.Release|ARM.ActiveCfg = Release|Win32
		{3DB02592-B1CE-4F57-A823-EF613E6FCC71}.Release|ARM64.ActiveCfg = Release|Win32
		{3DB02592-B1CE-4F57-A823-EF613E6FCC71}.Release|x64.ActiveCfg = Release|x64
		{3DB02592-B1CE-4F57-A823-EF613E6FCC71}.Release|x64.Build.0 = Release|x64
		{3DB02592-B1CE-4F57-A823-EF613E6FCC71}.Release|x86.ActiveCfg = Release|Win32
		{3DB02592-B1CE-4F57-A823-EF613E6FCC71}.Release|x86.Build.0 = Release|Win32
	EndGlobalSection
	GlobalSection(SolutionProperties) = preSolution
		HideSolutionNode = FALSE
	EndGlobalSection
	GlobalSection(ExtensibilityGlobals) = postSolution
		SolutionGuid = {8AC4235D-77EB-49F8-8D9B-7106B741C9B0}
	EndGlobalSection
EndGlobal
